
Microsoft Visual Studio Solution File, Format Version 12.00
# Visual Studio Version 17
VisualStudioVersion = 17.8.34408.163
MinimumVisualStudioVersion = 10.0.40219.1
Project("{FAE04EC0-301F-11D3-BF4B-00C04F79EFBC}") = "Snake", "Snake\Snake.csproj", "{AB76B8DD-9A82-4EA9-B96D-13618B47D9DA}"
EndProject
Global
	GlobalSection(SolutionConfigurationPlatforms) = preSolution
		Debug|Any CPU = Debug|Any CPU
		Release|Any CPU = Release|Any CPU
	EndGlobalSection
	GlobalSection(ProjectConfigurationPlatforms) = postSolution
		{AB76B8DD-9A82-4EA9-B96D-13618B47D9DA}.Debug|Any CPU.ActiveCfg = Debug|Any CPU
		{AB76B8DD-9A82-4EA9-B96D-13618B47D9DA}.Debug|Any CPU.Build.0 = Debug|Any CPU
		{AB76B8DD-9A82-4EA9-B96D-13618B47D9DA}.Release|Any CPU.ActiveCfg = Release|Any CPU
		{AB76B8DD-9A82-4EA9-B96D-13618B47D9DA}.Release|Any CPU.Build.0 = Release|Any CPU
	EndGlobalSection
	GlobalSection(SolutionProperties) = preSolution
		HideSolutionNode = FALSE
	EndGlobalSection
	GlobalSection(ExtensibilityGlobals) = postSolution
		SolutionGuid = {54CFDBF4-2CE6-4D71-A415-40C35819B51F}
	EndGlobalSection
EndGlobal
